
Microsoft Visual Studio Solution File, Format Version 12.00
# Visual Studio 15
VisualStudioVersion = 15.0.28307.779
MinimumVisualStudioVersion = 10.0.40219.1
Project("{FAE04EC0-301F-11D3-BF4B-00C04F79EFBC}") = "DareToFood", "DareToFood\DareToFood.csproj", "{DD45C229-9E06-4F40-A021-C17B7AD622E6}"
EndProject
Global
	GlobalSection(SolutionConfigurationPlatforms) = preSolution
		Debug|Any CPU = Debug|Any CPU
		Release|Any CPU = Release|Any CPU
	EndGlobalSection
	GlobalSection(ProjectConfigurationPlatforms) = postSolution
		{DD45C229-9E06-4F40-A021-C17B7AD622E6}.Debug|Any CPU.ActiveCfg = Debug|Any CPU
		{DD45C229-9E06-4F40-A021-C17B7AD622E6}.Debug|Any CPU.Build.0 = Debug|Any CPU
		{DD45C229-9E06-4F40-A021-C17B7AD622E6}.Release|Any CPU.ActiveCfg = Release|Any CPU
		{DD45C229-9E06-4F40-A021-C17B7AD622E6}.Release|Any CPU.Build.0 = Release|Any CPU
	EndGlobalSection
	GlobalSection(SolutionProperties) = preSolution
		HideSolutionNode = FALSE
	EndGlobalSection
	GlobalSection(ExtensibilityGlobals) = postSolution
		SolutionGuid = {3C10FA1E-409F-4240-930D-4A9D5C29A7A0}
	EndGlobalSection
EndGlobal
